
Microsoft Visual Studio Solution File, Format Version 12.00
Project("{FAE04EC0-301F-11D3-BF4B-00C04F79EFBC}") = "YieldReturn2", "YieldReturn2\YieldReturn2.csproj", "{5AF4F880-C712-4727-BCBB-C94A5E4A4300}"
EndProject
Global
	GlobalSection(SolutionConfigurationPlatforms) = preSolution
		Debug|Any CPU = Debug|Any CPU
		Release|Any CPU = Release|Any CPU
	EndGlobalSection
	GlobalSection(ProjectConfigurationPlatforms) = postSolution
		{5AF4F880-C712-4727-BCBB-C94A5E4A4300}.Debug|Any CPU.ActiveCfg = Debug|Any CPU
		{5AF4F880-C712-4727-BCBB-C94A5E4A4300}.Debug|Any CPU.Build.0 = Debug|Any CPU
		{5AF4F880-C712-4727-BCBB-C94A5E4A4300}.Release|Any CPU.ActiveCfg = Release|Any CPU
		{5AF4F880-C712-4727-BCBB-C94A5E4A4300}.Release|Any CPU.Build.0 = Release|Any CPU
	EndGlobalSection
EndGlobal
